// !$*UTF8*$!
{
	archiveVersion = 1;
	classes = {
	};
	objectVersion = 56;
	objects = {

/* Begin PBXBuildFile section */
		73F561B029C26B230037C5E1 /* AppDelegate.swift in Sources */ = {isa = PBXBuildFile; fileRef = 73F561AF29C26B230037C5E1 /* AppDelegate.swift */; };
		73F561B229C26B230037C5E1 /* SceneDelegate.swift in Sources */ = {isa = PBXBuildFile; fileRef = 73F561B129C26B230037C5E1 /* SceneDelegate.swift */; };
		73F561B429C26B230037C5E1 /* ViewController.swift in Sources */ = {isa = PBXBuildFile; fileRef = 73F561B329C26B230037C5E1 /* ViewController.swift */; };
		73F561B729C26B230037C5E1 /* Main.storyboard in Resources */ = {isa = PBXBuildFile; fileRef = 73F561B529C26B230037C5E1 /* Main.storyboard */; };
		73F561B929C26B270037C5E1 /* Assets.xcassets in Resources */ = {isa = PBXBuildFile; fileRef = 73F561B829C26B270037C5E1 /* Assets.xcassets */; };
		73F561BC29C26B270037C5E1 /* LaunchScreen.storyboard in Resources */ = {isa = PBXBuildFile; fileRef = 73F561BA29C26B270037C5E1 /* LaunchScreen.storyboard */; };
		73F561C829C271280037C5E1 /* mainViewController.swift in Sources */ = {isa = PBXBuildFile; fileRef = 73F561C729C271280037C5E1 /* mainViewController.swift */; };
		73F561CA29C273630037C5E1 /* SettingsViewController.swift in Sources */ = {isa = PBXBuildFile; fileRef = 73F561C929C273630037C5E1 /* SettingsViewController.swift */; };
		73F561CC29C273700037C5E1 /* ResultViewController.swift in Sources */ = {isa = PBXBuildFile; fileRef = 73F561CB29C273700037C5E1 /* ResultViewController.swift */; };
		73F561CE29C30FD60037C5E1 /* Models.swift in Sources */ = {isa = PBXBuildFile; fileRef = 73F561CD29C30FD60037C5E1 /* Models.swift */; };
/* End PBXBuildFile section */

/* Begin PBXFileReference section */
		73F561AC29C26B230037C5E1 /* Podlodka.app */ = {isa = PBXFileReference; explicitFileType = wrapper.application; includeInIndex = 0; path = Podlodka.app; sourceTree = BUILT_PRODUCTS_DIR; };
		73F561AF29C26B230037C5E1 /* AppDelegate.swift */ = {isa = PBXFileReference; lastKnownFileType = sourcecode.swift; path = AppDelegate.swift; sourceTree = "<group>"; };
		73F561B129C26B230037C5E1 /* SceneDelegate.swift */ = {isa = PBXFileReference; lastKnownFileType = sourcecode.swift; path = SceneDelegate.swift; sourceTree = "<group>"; };
		73F561B329C26B230037C5E1 /* ViewController.swift */ = {isa = PBXFileReference; lastKnownFileType = sourcecode.swift; path = ViewController.swift; sourceTree = "<group>"; };
		73F561B629C26B230037C5E1 /* Base */ = {isa = PBXFileReference; lastKnownFileType = file.storyboard; name = Base; path = Base.lproj/Main.storyboard; sourceTree = "<group>"; };
		73F561B829C26B270037C5E1 /* Assets.xcassets */ = {isa = PBXFileReference; lastKnownFileType = folder.assetcatalog; path = Assets.xcassets; sourceTree = "<group>"; };
		73F561BB29C26B270037C5E1 /* Base */ = {isa = PBXFileReference; lastKnownFileType = file.storyboard; name = Base; path = Base.lproj/LaunchScreen.storyboard; sourceTree = "<group>"; };
		73F561BD29C26B270037C5E1 /* Info.plist */ = {isa = PBXFileReference; lastKnownFileType = text.plist.xml; path = Info.plist; sourceTree = "<group>"; };
		73F561C729C271280037C5E1 /* mainViewController.swift */ = {isa = PBXFileReference; lastKnownFileType = sourcecode.swift; path = mainViewController.swift; sourceTree = "<group>"; };
		73F561C929C273630037C5E1 /* SettingsViewController.swift */ = {isa = PBXFileReference; lastKnownFileType = sourcecode.swift; path = SettingsViewController.swift; sourceTree = "<group>"; };
		73F561CB29C273700037C5E1 /* ResultViewController.swift */ = {isa = PBXFileReference; lastKnownFileType = sourcecode.swift; path = ResultViewController.swift; sourceTree = "<group>"; };
		73F561CD29C30FD60037C5E1 /* Models.swift */ = {isa = PBXFileReference; lastKnownFileType = sourcecode.swift; path = Models.swift; sourceTree = "<group>"; };
/* End PBXFileReference section */

/* Begin PBXFrameworksBuildPhase section */
		73F561A929C26B230037C5E1 /* Frameworks */ = {
			isa = PBXFrameworksBuildPhase;
			buildActionMask = 2147483647;
			files = (
			);
			runOnlyForDeploymentPostprocessing = 0;
		};
/* End PBXFrameworksBuildPhase section */

/* Begin PBXGroup section */
		73F561A329C26B230037C5E1 = {
			isa = PBXGroup;
			children = (
				73F561AE29C26B230037C5E1 /* Podlodka */,
				73F561AD29C26B230037C5E1 /* Products */,
			);
			sourceTree = "<group>";
		};
		73F561AD29C26B230037C5E1 /* Products */ = {
			isa = PBXGroup;
			children = (
				73F561AC29C26B230037C5E1 /* Podlodka.app */,
			);
			name = Products;
			sourceTree = "<group>";
		};
		73F561AE29C26B230037C5E1 /* Podlodka */ = {
			isa = PBXGroup;
			children = (
				73F561C629C26E170037C5E1 /* Podlodka Models */,
				73F561C529C26E020037C5E1 /* Podlodka */,
				73F561C329C26DC20037C5E1 /* Resources */,
				73F561C429C26DE90037C5E1 /* Supporting files */,
			);
			path = Podlodka;
			sourceTree = "<group>";
		};
		73F561C329C26DC20037C5E1 /* Resources */ = {
			isa = PBXGroup;
			children = (
				73F561B829C26B270037C5E1 /* Assets.xcassets */,
				73F561BA29C26B270037C5E1 /* LaunchScreen.storyboard */,
				73F561BD29C26B270037C5E1 /* Info.plist */,
			);
			path = Resources;
			sourceTree = "<group>";
		};
		73F561C429C26DE90037C5E1 /* Supporting files */ = {
			isa = PBXGroup;
			children = (
				73F561AF29C26B230037C5E1 /* AppDelegate.swift */,
				73F561B129C26B230037C5E1 /* SceneDelegate.swift */,
			);
			path = "Supporting files";
			sourceTree = "<group>";
		};
		73F561C529C26E020037C5E1 /* Podlodka */ = {
			isa = PBXGroup;
			children = (
				73F561B329C26B230037C5E1 /* ViewController.swift */,
				73F561B529C26B230037C5E1 /* Main.storyboard */,
				73F561C729C271280037C5E1 /* mainViewController.swift */,
				73F561C929C273630037C5E1 /* SettingsViewController.swift */,
				73F561CB29C273700037C5E1 /* ResultViewController.swift */,
			);
			path = Podlodka;
			sourceTree = "<group>";
		};
		73F561C629C26E170037C5E1 /* Podlodka Models */ = {
			isa = PBXGroup;
			children = (
				73F561CD29C30FD60037C5E1 /* Models.swift */,
			);
			path = "Podlodka Models";
			sourceTree = "<group>";
		};
/* End PBXGroup section */

/* Begin PBXNativeTarget section */
		73F561AB29C26B230037C5E1 /* Podlodka */ = {
			isa = PBXNativeTarget;
			buildConfigurationList = 73F561C029C26B270037C5E1 /* Build configuration list for PBXNativeTarget "Podlodka" */;
			buildPhases = (
				73F561A829C26B230037C5E1 /* Sources */,
				73F561A929C26B230037C5E1 /* Frameworks */,
				73F561AA29C26B230037C5E1 /* Resources */,
			);
			buildRules = (
			);
			dependencies = (
			);
			name = Podlodka;
			productName = Podlodka;
			productReference = 73F561AC29C26B230037C5E1 /* Podlodka.app */;
			productType = "com.apple.product-type.application";
		};
/* End PBXNativeTarget section */

/* Begin PBXProject section */
		73F561A429C26B230037C5E1 /* Project object */ = {
			isa = PBXProject;
			attributes = {
				BuildIndependentTargetsInParallel = 1;
				LastSwiftUpdateCheck = 1420;
				LastUpgradeCheck = 1420;
				TargetAttributes = {
					73F561AB29C26B230037C5E1 = {
						CreatedOnToolsVersion = 14.2;
					};
				};
			};
			buildConfigurationList = 73F561A729C26B230037C5E1 /* Build configuration list for PBXProject "Podlodka" */;
			compatibilityVersion = "Xcode 14.0";
			developmentRegion = en;
			hasScannedForEncodings = 0;
			knownRegions = (
				en,
				Base,
			);
			mainGroup = 73F561A329C26B230037C5E1;
			productRefGroup = 73F561AD29C26B230037C5E1 /* Products */;
			projectDirPath = "";
			projectRoot = "";
			targets = (
				73F561AB29C26B230037C5E1 /* Podlodka */,
			);
		};
/* End PBXProject section */

/* Begin PBXResourcesBuildPhase section */
		73F561AA29C26B230037C5E1 /* Resources */ = {
			isa = PBXResourcesBuildPhase;
			buildActionMask = 2147483647;
			files = (
				73F561BC29C26B270037C5E1 /* LaunchScreen.storyboard in Resources */,
				73F561B929C26B270037C5E1 /* Assets.xcassets in Resources */,
				73F561B729C26B230037C5E1 /* Main.storyboard in Resources */,
			);
			runOnlyForDeploymentPostprocessing = 0;
		};
/* End PBXResourcesBuildPhase section */

/* Begin PBXSourcesBuildPhase section */
		73F561A829C26B230037C5E1 /* Sources */ = {
			isa = PBXSourcesBuildPhase;
			buildActionMask = 2147483647;
			files = (
				73F561B429C26B230037C5E1 /* ViewController.swift in Sources */,
				73F561B029C26B230037C5E1 /* AppDelegate.swift in Sources */,
				73F561B229C26B230037C5E1 /* SceneDelegate.swift in Sources */,
				73F561CA29C273630037C5E1 /* SettingsViewController.swift in Sources */,
				73F561C829C271280037C5E1 /* mainViewController.swift in Sources */,
				73F561CC29C273700037C5E1 /* ResultViewController.swift in Sources */,
				73F561CE29C30FD60037C5E1 /* Models.swift in Sources */,
			);
			runOnlyForDeploymentPostprocessing = 0;
		};
/* End PBXSourcesBuildPhase section */

/* Begin PBXVariantGroup section */
		73F561B529C26B230037C5E1 /* Main.storyboard */ = {
			isa = PBXVariantGroup;
			children = (
				73F561B629C26B230037C5E1 /* Base */,
			);
			name = Main.storyboard;
			sourceTree = "<group>";
		};
		73F561BA29C26B270037C5E1 /* LaunchScreen.storyboard */ = {
			isa = PBXVariantGroup;
			children = (
				73F561BB29C26B270037C5E1 /* Base */,
			);
			name = LaunchScreen.storyboard;
			sourceTree = "<group>";
		};
/* End PBXVariantGroup section */

/* Begin XCBuildConfiguration section */
		73F561BE29C26B270037C5E1 /* Debug */ = {
			isa = XCBuildConfiguration;
			buildSettings = {
				ALWAYS_SEARCH_USER_PATHS = NO;
				CLANG_ANALYZER_NONNULL = YES;
				CLANG_ANALYZER_NUMBER_OBJECT_CONVERSION = YES_AGGRESSIVE;
				CLANG_CXX_LANGUAGE_STANDARD = "gnu++20";
				CLANG_ENABLE_MODULES = YES;
				CLANG_ENABLE_OBJC_ARC = YES;
				CLANG_ENABLE_OBJC_WEAK = YES;
				CLANG_WARN_BLOCK_CAPTURE_AUTORELEASING = YES;
				CLANG_WARN_BOOL_CONVERSION = YES;
				CLANG_WARN_COMMA = YES;
				CLANG_WARN_CONSTANT_CONVERSION = YES;
				CLANG_WARN_DEPRECATED_OBJC_IMPLEMENTATIONS = YES;
				CLANG_WARN_DIRECT_OBJC_ISA_USAGE = YES_ERROR;
				CLANG_WARN_DOCUMENTATION_COMMENTS = YES;
				CLANG_WARN_EMPTY_BODY = YES;
				CLANG_WARN_ENUM_CONVERSION = YES;
				CLANG_WARN_INFINITE_RECURSION = YES;
				CLANG_WARN_INT_CONVERSION = YES;
				CLANG_WARN_NON_LITERAL_NULL_CONVERSION = YES;
				CLANG_WARN_OBJC_IMPLICIT_RETAIN_SELF = YES;
				CLANG_WARN_OBJC_LITERAL_CONVERSION = YES;
				CLANG_WARN_OBJC_ROOT_CLASS = YES_ERROR;
				CLANG_WARN_QUOTED_INCLUDE_IN_FRAMEWORK_HEADER = YES;
				CLANG_WARN_RANGE_LOOP_ANALYSIS = YES;
				CLANG_WARN_STRICT_PROTOTYPES = YES;
				CLANG_WARN_SUSPICIOUS_MOVE = YES;
				CLANG_WARN_UNGUARDED_AVAILABILITY = YES_AGGRESSIVE;
				CLANG_WARN_UNREACHABLE_CODE = YES;
				CLANG_WARN__DUPLICATE_METHOD_MATCH = YES;
				COPY_PHASE_STRIP = NO;
				DEBUG_INFORMATION_FORMAT = dwarf;
				ENABLE_STRICT_OBJC_MSGSEND = YES;
				ENABLE_TESTABILITY = YES;
				GCC_C_LANGUAGE_STANDARD = gnu11;
				GCC_DYNAMIC_NO_PIC = NO;
				GCC_NO_COMMON_BLOCKS = YES;
				GCC_OPTIMIZATION_LEVEL = 0;
				GCC_PREPROCESSOR_DEFINITIONS = (
					"DEBUG=1",
					"$(inherited)",
				);
				GCC_WARN_64_TO_32_BIT_CONVERSION = YES;
				GCC_WARN_ABOUT_RETURN_TYPE = YES_ERROR;
				GCC_WARN_UNDECLARED_SELECTOR = YES;
				GCC_WARN_UNINITIALIZED_AUTOS = YES_AGGRESSIVE;
				GCC_WARN_UNUSED_FUNCTION = YES;
				GCC_WARN_UNUSED_VARIABLE = YES;
				IPHONEOS_DEPLOYMENT_TARGET = 16.2;
				MTL_ENABLE_DEBUG_INFO = INCLUDE_SOURCE;
				MTL_FAST_MATH = YES;
				ONLY_ACTIVE_ARCH = YES;
				SDKROOT = iphoneos;
				SWIFT_ACTIVE_COMPILATION_CONDITIONS = DEBUG;
				SWIFT_OPTIMIZATION_LEVEL = "-Onone";
			};
			name = Debug;
		};
		73F561BF29C26B270037C5E1 /* Release */ = {
			isa = XCBuildConfiguration;
			buildSettings = {
				ALWAYS_SEARCH_USER_PATHS = NO;
				CLANG_ANALYZER_NONNULL = YES;
				CLANG_ANALYZER_NUMBER_OBJECT_CONVERSION = YES_AGGRESSIVE;
				CLANG_CXX_LANGUAGE_STANDARD = "gnu++20";
				CLANG_ENABLE_MODULES = YES;
				CLANG_ENABLE_OBJC_ARC = YES;
				CLANG_ENABLE_OBJC_WEAK = YES;
				CLANG_WARN_BLOCK_CAPTURE_AUTORELEASING = YES;
				CLANG_WARN_BOOL_CONVERSION = YES;
				CLANG_WARN_COMMA = YES;
				CLANG_WARN_CONSTANT_CONVERSION = YES;
				CLANG_WARN_DEPRECATED_OBJC_IMPLEMENTATIONS = YES;
				CLANG_WARN_DIRECT_OBJC_ISA_USAGE = YES_ERROR;
				CLANG_WARN_DOCUMENTATION_COMMENTS = YES;
				CLANG_WARN_EMPTY_BODY = YES;
				CLANG_WARN_ENUM_CONVERSION = YES;
				CLANG_WARN_INFINITE_RECURSION = YES;
				CLANG_WARN_INT_CONVERSION = YES;
				CLANG_WARN_NON_LITERAL_NULL_CONVERSION = YES;
				CLANG_WARN_OBJC_IMPLICIT_RETAIN_SELF = YES;
				CLANG_WARN_OBJC_LITERAL_CONVERSION = YES;
				CLANG_WARN_OBJC_ROOT_CLASS = YES_ERROR;
				CLANG_WARN_QUOTED_INCLUDE_IN_FRAMEWORK_HEADER = YES;
				CLANG_WARN_RANGE_LOOP_ANALYSIS = YES;
				CLANG_WARN_STRICT_PROTOTYPES = YES;
				CLANG_WARN_SUSPICIOUS_MOVE = YES;
				CLANG_WARN_UNGUARDED_AVAILABILITY = YES_AGGRESSIVE;
				CLANG_WARN_UNREACHABLE_CODE = YES;
				CLANG_WARN__DUPLICATE_METHOD_MATCH = YES;
				COPY_PHASE_STRIP = NO;
				DEBUG_INFORMATION_FORMAT = "dwarf-with-dsym";
				ENABLE_NS_ASSERTIONS = NO;
				ENABLE_STRICT_OBJC_MSGSEND = YES;
				GCC_C_LANGUAGE_STANDARD = gnu11;
				GCC_NO_COMMON_BLOCKS = YES;
				GCC_WARN_64_TO_32_BIT_CONVERSION = YES;
				GCC_WARN_ABOUT_RETURN_TYPE = YES_ERROR;
				GCC_WARN_UNDECLARED_SELECTOR = YES;
				GCC_WARN_UNINITIALIZED_AUTOS = YES_AGGRESSIVE;
				GCC_WARN_UNUSED_FUNCTION = YES;
				GCC_WARN_UNUSED_VARIABLE = YES;
				IPHONEOS_DEPLOYMENT_TARGET = 16.2;
				MTL_ENABLE_DEBUG_INFO = NO;
				MTL_FAST_MATH = YES;
				SDKROOT = iphoneos;
				SWIFT_COMPILATION_MODE = wholemodule;
				SWIFT_OPTIMIZATION_LEVEL = "-O";
				VALIDATE_PRODUCT = YES;
			};
			name = Release;
		};
		73F561C129C26B270037C5E1 /* Debug */ = {
			isa = XCBuildConfiguration;
			buildSettings = {
				ASSETCATALOG_COMPILER_APPICON_NAME = AppIcon;
				ASSETCATALOG_COMPILER_GLOBAL_ACCENT_COLOR_NAME = AccentColor;
				CODE_SIGN_STYLE = Automatic;
				CURRENT_PROJECT_VERSION = 1;
				DEVELOPMENT_TEAM = 8B3PT8N93L;
				GENERATE_INFOPLIST_FILE = YES;
				INFOPLIST_FILE = Podlodka/Resources/Info.plist;
				INFOPLIST_KEY_UIApplicationSupportsIndirectInputEvents = YES;
				INFOPLIST_KEY_UILaunchStoryboardName = LaunchScreen;
				INFOPLIST_KEY_UIMainStoryboardFile = Main;
				INFOPLIST_KEY_UISupportedInterfaceOrientations = "UIInterfaceOrientationLandscapeLeft UIInterfaceOrientationLandscapeRight UIInterfaceOrientationPortrait";
				INFOPLIST_KEY_UISupportedInterfaceOrientations_iPad = "UIInterfaceOrientationLandscapeLeft UIInterfaceOrientationLandscapeRight UIInterfaceOrientationPortrait UIInterfaceOrientationPortraitUpsideDown";
				IPHONEOS_DEPLOYMENT_TARGET = 15.0;
				LD_RUNPATH_SEARCH_PATHS = (
					"$(inherited)",
					"@executable_path/Frameworks",
				);
				MARKETING_VERSION = 1.0;
				PRODUCT_BUNDLE_IDENTIFIER = play.Podlodka;
				PRODUCT_NAME = "$(TARGET_NAME)";
				SUPPORTED_PLATFORMS = "iphoneos iphonesimulator";
				SUPPORTS_MACCATALYST = NO;
				SUPPORTS_MAC_DESIGNED_FOR_IPHONE_IPAD = NO;
				SWIFT_EMIT_LOC_STRINGS = YES;
				SWIFT_VERSION = 5.0;
				TARGETED_DEVICE_FAMILY = 1;
			};
			name = Debug;
		};
		73F561C229C26B270037C5E1 /* Release */ = {
			isa = XCBuildConfiguration;
			buildSettings = {
				ASSETCATALOG_COMPILER_APPICON_NAME = AppIcon;
				ASSETCATALOG_COMPILER_GLOBAL_ACCENT_COLOR_NAME = AccentColor;
				CODE_SIGN_STYLE = Automatic;
				CURRENT_PROJECT_VERSION = 1;
				DEVELOPMENT_TEAM = 8B3PT8N93L;
				GENERATE_INFOPLIST_FILE = YES;
				INFOPLIST_FILE = Podlodka/Resources/Info.plist;
				INFOPLIST_KEY_UIApplicationSupportsIndirectInputEvents = YES;
				INFOPLIST_KEY_UILaunchStoryboardName = LaunchScreen;
				INFOPLIST_KEY_UIMainStoryboardFile = Main;
				INFOPLIST_KEY_UISupportedInterfaceOrientations = "UIInterfaceOrientationLandscapeLeft UIInterfaceOrientationLandscapeRight UIInterfaceOrientationPortrait";
				INFOPLIST_KEY_UISupportedInterfaceOrientations_iPad = "UIInterfaceOrientationLandscapeLeft UIInterfaceOrientationLandscapeRight UIInterfaceOrientationPortrait UIInterfaceOrientationPortraitUpsideDown";
				IPHONEOS_DEPLOYMENT_TARGET = 15.0;
				LD_RUNPATH_SEARCH_PATHS = (
					"$(inherited)",
					"@executable_path/Frameworks",
				);
				MARKETING_VERSION = 1.0;
				PRODUCT_BUNDLE_IDENTIFIER = play.Podlodka;
				PRODUCT_NAME = "$(TARGET_NAME)";
				SUPPORTED_PLATFORMS = "iphoneos iphonesimulator";
				SUPPORTS_MACCATALYST = NO;
				SUPPORTS_MAC_DESIGNED_FOR_IPHONE_IPAD = NO;
				SWIFT_EMIT_LOC_STRINGS = YES;
				SWIFT_VERSION = 5.0;
				TARGETED_DEVICE_FAMILY = 1;
			};
			name = Release;
		};
/* End XCBuildConfiguration section */

/* Begin XCConfigurationList section */
		73F561A729C26B230037C5E1 /* Build configuration list for PBXProject "Podlodka" */ = {
			isa = XCConfigurationList;
			buildConfigurations = (
				73F561BE29C26B270037C5E1 /* Debug */,
				73F561BF29C26B270037C5E1 /* Release */,
			);
			defaultConfigurationIsVisible = 0;
			defaultConfigurationName = Release;
		};
		73F561C029C26B270037C5E1 /* Build configuration list for PBXNativeTarget "Podlodka" */ = {
			isa = XCConfigurationList;
			buildConfigurations = (
				73F561C129C26B270037C5E1 /* Debug */,
				73F561C229C26B270037C5E1 /* Release */,
			);
			defaultConfigurationIsVisible = 0;
			defaultConfigurationName = Release;
		};
/* End XCConfigurationList section */
	};
	rootObject = 73F561A429C26B230037C5E1 /* Project object */;
}
